// !$*UTF8*$!
{
	archiveVersion = 1;
	classes = {
	};
	objectVersion = 50;
	objects = {

/* Begin PBXBuildFile section */
		11B04F3521671A0F002B4F0F /* SafariServices.framework in Frameworks */ = {isa = PBXBuildFile; fileRef = 11B04F3421671A0F002B4F0F /* SafariServices.framework */; };
		11C2DB1E21665B2200B9126C /* AppDelegate.swift in Sources */ = {isa = PBXBuildFile; fileRef = 11C2DB1D21665B2200B9126C /* AppDelegate.swift */; };
		11C2DB2021665B2200B9126C /* ViewController.swift in Sources */ = {isa = PBXBuildFile; fileRef = 11C2DB1F21665B2200B9126C /* ViewController.swift */; };
		11C2DB2321665B2200B9126C /* Main.storyboard in Resources */ = {isa = PBXBuildFile; fileRef = 11C2DB2121665B2200B9126C /* Main.storyboard */; };
		11C2DB2521665B2300B9126C /* Assets.xcassets in Resources */ = {isa = PBXBuildFile; fileRef = 11C2DB2421665B2300B9126C /* Assets.xcassets */; };
		11C2DB2821665B2300B9126C /* LaunchScreen.storyboard in Resources */ = {isa = PBXBuildFile; fileRef = 11C2DB2621665B2300B9126C /* LaunchScreen.storyboard */; };
		8AAA6614714C73182B3A04AE /* Pods_TwitterApp.framework in Frameworks */ = {isa = PBXBuildFile; fileRef = 8A797E50380D43E241445107 /* Pods_TwitterApp.framework */; };
/* End PBXBuildFile section */

/* Begin PBXFileReference section */
		03B0E739E1B735F0A222FE0B /* Pods-TwitterApp.release.xcconfig */ = {isa = PBXFileReference; includeInIndex = 1; lastKnownFileType = text.xcconfig; name = "Pods-TwitterApp.release.xcconfig"; path = "Pods/Target Support Files/Pods-TwitterApp/Pods-TwitterApp.release.xcconfig"; sourceTree = "<group>"; };
		11B04F3421671A0F002B4F0F /* SafariServices.framework */ = {isa = PBXFileReference; lastKnownFileType = wrapper.framework; name = SafariServices.framework; path = System/Library/Frameworks/SafariServices.framework; sourceTree = SDKROOT; };
		11C2DB1A21665B2200B9126C /* TwitterApp.app */ = {isa = PBXFileReference; explicitFileType = wrapper.application; includeInIndex = 0; path = TwitterApp.app; sourceTree = BUILT_PRODUCTS_DIR; };
		11C2DB1D21665B2200B9126C /* AppDelegate.swift */ = {isa = PBXFileReference; lastKnownFileType = sourcecode.swift; path = AppDelegate.swift; sourceTree = "<group>"; };
		11C2DB1F21665B2200B9126C /* ViewController.swift */ = {isa = PBXFileReference; lastKnownFileType = sourcecode.swift; path = ViewController.swift; sourceTree = "<group>"; };
		11C2DB2221665B2200B9126C /* Base */ = {isa = PBXFileReference; lastKnownFileType = file.storyboard; name = Base; path = Base.lproj/Main.storyboard; sourceTree = "<group>"; };
		11C2DB2421665B2300B9126C /* Assets.xcassets */ = {isa = PBXFileReference; lastKnownFileType = folder.assetcatalog; path = Assets.xcassets; sourceTree = "<group>"; };
		11C2DB2721665B2300B9126C /* Base */ = {isa = PBXFileReference; lastKnownFileType = file.storyboard; name = Base; path = Base.lproj/LaunchScreen.storyboard; sourceTree = "<group>"; };
		11C2DB2921665B2300B9126C /* Info.plist */ = {isa = PBXFileReference; lastKnownFileType = text.plist.xml; path = Info.plist; sourceTree = "<group>"; };
		182B5C6B02BFF39B62CEDCB5 /* Pods-TwitterApp.debug.xcconfig */ = {isa = PBXFileReference; includeInIndex = 1; lastKnownFileType = text.xcconfig; name = "Pods-TwitterApp.debug.xcconfig"; path = "Pods/Target Support Files/Pods-TwitterApp/Pods-TwitterApp.debug.xcconfig"; sourceTree = "<group>"; };
		8A797E50380D43E241445107 /* Pods_TwitterApp.framework */ = {isa = PBXFileReference; explicitFileType = wrapper.framework; includeInIndex = 0; path = Pods_TwitterApp.framework; sourceTree = BUILT_PRODUCTS_DIR; };
/* End PBXFileReference section */

/* Begin PBXFrameworksBuildPhase section */
		11C2DB1721665B2200B9126C /* Frameworks */ = {
			isa = PBXFrameworksBuildPhase;
			buildActionMask = 2147483647;
			files = (
				11B04F3521671A0F002B4F0F /* SafariServices.framework in Frameworks */,
				8AAA6614714C73182B3A04AE /* Pods_TwitterApp.framework in Frameworks */,
			);
			runOnlyForDeploymentPostprocessing = 0;
		};
/* End PBXFrameworksBuildPhase section */

/* Begin PBXGroup section */
		11C2DB1121665B2200B9126C = {
			isa = PBXGroup;
			children = (
				11C2DB1C21665B2200B9126C /* TwitterApp */,
				11C2DB1B21665B2200B9126C /* Products */,
				E1917B0E39186275604BD4E5 /* Pods */,
				6817287B664C963EE8A487D2 /* Frameworks */,
			);
			sourceTree = "<group>";
		};
		11C2DB1B21665B2200B9126C /* Products */ = {
			isa = PBXGroup;
			children = (
				11C2DB1A21665B2200B9126C /* TwitterApp.app */,
			);
			name = Products;
			sourceTree = "<group>";
		};
		11C2DB1C21665B2200B9126C /* TwitterApp */ = {
			isa = PBXGroup;
			children = (
				11C2DB1D21665B2200B9126C /* AppDelegate.swift */,
				11C2DB1F21665B2200B9126C /* ViewController.swift */,
				11C2DB2121665B2200B9126C /* Main.storyboard */,
				11C2DB2421665B2300B9126C /* Assets.xcassets */,
				11C2DB2621665B2300B9126C /* LaunchScreen.storyboard */,
				11C2DB2921665B2300B9126C /* Info.plist */,
			);
			path = TwitterApp;
			sourceTree = "<group>";
		};
		6817287B664C963EE8A487D2 /* Frameworks */ = {
			isa = PBXGroup;
			children = (
				11B04F3421671A0F002B4F0F /* SafariServices.framework */,
				8A797E50380D43E241445107 /* Pods_TwitterApp.framework */,
			);
			name = Frameworks;
			sourceTree = "<group>";
		};
		E1917B0E39186275604BD4E5 /* Pods */ = {
			isa = PBXGroup;
			children = (
				182B5C6B02BFF39B62CEDCB5 /* Pods-TwitterApp.debug.xcconfig */,
				03B0E739E1B735F0A222FE0B /* Pods-TwitterApp.release.xcconfig */,
			);
			name = Pods;
			sourceTree = "<group>";
		};
/* End PBXGroup section */

/* Begin PBXNativeTarget section */
		11C2DB1921665B2200B9126C /* TwitterApp */ = {
			isa = PBXNativeTarget;
			buildConfigurationList = 11C2DB2C21665B2300B9126C /* Build configuration list for PBXNativeTarget "TwitterApp" */;
			buildPhases = (
				98ABCEBD50933CAF516BF04D /* [CP] Check Pods Manifest.lock */,
				11C2DB1621665B2200B9126C /* Sources */,
				11C2DB1721665B2200B9126C /* Frameworks */,
				11C2DB1821665B2200B9126C /* Resources */,
				F84A6320505A202BE17A4AB2 /* [CP] Embed Pods Frameworks */,
				CB63C0D26495BDCBD69BD3E0 /* [CP] Copy Pods Resources */,
			);
			buildRules = (
			);
			dependencies = (
			);
			name = TwitterApp;
			productName = TwitterApp;
			productReference = 11C2DB1A21665B2200B9126C /* TwitterApp.app */;
			productType = "com.apple.product-type.application";
		};
/* End PBXNativeTarget section */

/* Begin PBXProject section */
		11C2DB1221665B2200B9126C /* Project object */ = {
			isa = PBXProject;
			attributes = {
				LastSwiftUpdateCheck = 1000;
				LastUpgradeCheck = 1000;
				ORGANIZATIONNAME = YudhatrisnaProduction;
				TargetAttributes = {
					11C2DB1921665B2200B9126C = {
						CreatedOnToolsVersion = 10.0;
					};
				};
			};
			buildConfigurationList = 11C2DB1521665B2200B9126C /* Build configuration list for PBXProject "TwitterApp" */;
			compatibilityVersion = "Xcode 9.3";
			developmentRegion = en;
			hasScannedForEncodings = 0;
			knownRegions = (
				en,
				Base,
			);
			mainGroup = 11C2DB1121665B2200B9126C;
			productRefGroup = 11C2DB1B21665B2200B9126C /* Products */;
			projectDirPath = "";
			projectRoot = "";
			targets = (
				11C2DB1921665B2200B9126C /* TwitterApp */,
			);
		};
/* End PBXProject section */

/* Begin PBXResourcesBuildPhase section */
		11C2DB1821665B2200B9126C /* Resources */ = {
			isa = PBXResourcesBuildPhase;
			buildActionMask = 2147483647;
			files = (
				11C2DB2821665B2300B9126C /* LaunchScreen.storyboard in Resources */,
				11C2DB2521665B2300B9126C /* Assets.xcassets in Resources */,
				11C2DB2321665B2200B9126C /* Main.storyboard in Resources */,
			);
			runOnlyForDeploymentPostprocessing = 0;
		};
/* End PBXResourcesBuildPhase section */

/* Begin PBXShellScriptBuildPhase section */
		98ABCEBD50933CAF516BF04D /* [CP] Check Pods Manifest.lock */ = {
			isa = PBXShellScriptBuildPhase;
			buildActionMask = 2147483647;
			files = (
			);
			inputFileListPaths = (
			);
			inputPaths = (
				"${PODS_PODFILE_DIR_PATH}/Podfile.lock",
				"${PODS_ROOT}/Manifest.lock",
			);
			name = "[CP] Check Pods Manifest.lock";
			outputFileListPaths = (
			);
			outputPaths = (
				"$(DERIVED_FILE_DIR)/Pods-TwitterApp-checkManifestLockResult.txt",
			);
			runOnlyForDeploymentPostprocessing = 0;
			shellPath = /bin/sh;
			shellScript = "diff \"${PODS_PODFILE_DIR_PATH}/Podfile.lock\" \"${PODS_ROOT}/Manifest.lock\" > /dev/null\nif [ $? != 0 ] ; then\n    # print error to STDERR\n    echo \"error: The sandbox is not in sync with the Podfile.lock. Run 'pod install' or update your CocoaPods installation.\" >&2\n    exit 1\nfi\n# This output is used by Xcode 'outputs' to avoid re-running this script phase.\necho \"SUCCESS\" > \"${SCRIPT_OUTPUT_FILE_0}\"\n";
			showEnvVarsInLog = 0;
		};
		CB63C0D26495BDCBD69BD3E0 /* [CP] Copy Pods Resources */ = {
			isa = PBXShellScriptBuildPhase;
			buildActionMask = 2147483647;
			files = (
			);
			inputFileListPaths = (
			);
			inputPaths = (
				"${SRCROOT}/Pods/Target Support Files/Pods-TwitterApp/Pods-TwitterApp-resources.sh",
				"${PODS_ROOT}/TwitterKit/iOS/TwitterKit.framework/TwitterKitResources.bundle",
			);
			name = "[CP] Copy Pods Resources";
			outputFileListPaths = (
			);
			outputPaths = (
				"${TARGET_BUILD_DIR}/${UNLOCALIZED_RESOURCES_FOLDER_PATH}/TwitterKitResources.bundle",
			);
			runOnlyForDeploymentPostprocessing = 0;
			shellPath = /bin/sh;
			shellScript = "\"${SRCROOT}/Pods/Target Support Files/Pods-TwitterApp/Pods-TwitterApp-resources.sh\"\n";
			showEnvVarsInLog = 0;
		};
		F84A6320505A202BE17A4AB2 /* [CP] Embed Pods Frameworks */ = {
			isa = PBXShellScriptBuildPhase;
			buildActionMask = 2147483647;
			files = (
			);
			inputFileListPaths = (
			);
			inputPaths = (
				"${SRCROOT}/Pods/Target Support Files/Pods-TwitterApp/Pods-TwitterApp-frameworks.sh",
				"${PODS_ROOT}/TwitterCore/iOS/TwitterCore.framework",
				"${PODS_ROOT}/TwitterKit/iOS/TwitterKit.framework",
			);
			name = "[CP] Embed Pods Frameworks";
			outputFileListPaths = (
			);
			outputPaths = (
				"${TARGET_BUILD_DIR}/${FRAMEWORKS_FOLDER_PATH}/TwitterCore.framework",
				"${TARGET_BUILD_DIR}/${FRAMEWORKS_FOLDER_PATH}/TwitterKit.framework",
			);
			runOnlyForDeploymentPostprocessing = 0;
			shellPath = /bin/sh;
			shellScript = "\"${SRCROOT}/Pods/Target Support Files/Pods-TwitterApp/Pods-TwitterApp-frameworks.sh\"\n";
			showEnvVarsInLog = 0;
		};
/* End PBXShellScriptBuildPhase section */

/* Begin PBXSourcesBuildPhase section */
		11C2DB1621665B2200B9126C /* Sources */ = {
			isa = PBXSourcesBuildPhase;
			buildActionMask = 2147483647;
			files = (
				11C2DB2021665B2200B9126C /* ViewController.swift in Sources */,
				11C2DB1E21665B2200B9126C /* AppDelegate.swift in Sources */,
			);
			runOnlyForDeploymentPostprocessing = 0;
		};
/* End PBXSourcesBuildPhase section */

/* Begin PBXVariantGroup section */
		11C2DB2121665B2200B9126C /* Main.storyboard */ = {
			isa = PBXVariantGroup;
			children = (
				11C2DB2221665B2200B9126C /* Base */,
			);
			name = Main.storyboard;
			sourceTree = "<group>";
		};
		11C2DB2621665B2300B9126C /* LaunchScreen.storyboard */ = {
			isa = PBXVariantGroup;
			children = (
				11C2DB2721665B2300B9126C /* Base */,
			);
			name = LaunchScreen.storyboard;
			sourceTree = "<group>";
		};
/* End PBXVariantGroup section */

/* Begin XCBuildConfiguration section */
		11C2DB2A21665B2300B9126C /* Debug */ = {
			isa = XCBuildConfiguration;
			buildSettings = {
				ALWAYS_SEARCH_USER_PATHS = NO;
				CLANG_ANALYZER_NONNULL = YES;
				CLANG_ANALYZER_NUMBER_OBJECT_CONVERSION = YES_AGGRESSIVE;
				CLANG_CXX_LANGUAGE_STANDARD = "gnu++14";
				CLANG_CXX_LIBRARY = "libc++";
				CLANG_ENABLE_MODULES = YES;
				CLANG_ENABLE_OBJC_ARC = YES;
				CLANG_ENABLE_OBJC_WEAK = YES;
				CLANG_WARN_BLOCK_CAPTURE_AUTORELEASING = YES;
				CLANG_WARN_BOOL_CONVERSION = YES;
				CLANG_WARN_COMMA = YES;
				CLANG_WARN_CONSTANT_CONVERSION = YES;
				CLANG_WARN_DEPRECATED_OBJC_IMPLEMENTATIONS = YES;
				CLANG_WARN_DIRECT_OBJC_ISA_USAGE = YES_ERROR;
				CLANG_WARN_DOCUMENTATION_COMMENTS = YES;
				CLANG_WARN_EMPTY_BODY = YES;
				CLANG_WARN_ENUM_CONVERSION = YES;
				CLANG_WARN_INFINITE_RECURSION = YES;
				CLANG_WARN_INT_CONVERSION = YES;
				CLANG_WARN_NON_LITERAL_NULL_CONVERSION = YES;
				CLANG_WARN_OBJC_IMPLICIT_RETAIN_SELF = YES;
				CLANG_WARN_OBJC_LITERAL_CONVERSION = YES;
				CLANG_WARN_OBJC_ROOT_CLASS = YES_ERROR;
				CLANG_WARN_RANGE_LOOP_ANALYSIS = YES;
				CLANG_WARN_STRICT_PROTOTYPES = YES;
				CLANG_WARN_SUSPICIOUS_MOVE = YES;
				CLANG_WARN_UNGUARDED_AVAILABILITY = YES_AGGRESSIVE;
				CLANG_WARN_UNREACHABLE_CODE = YES;
				CLANG_WARN__DUPLICATE_METHOD_MATCH = YES;
				CODE_SIGN_IDENTITY = "iPhone Developer";
				COPY_PHASE_STRIP = NO;
				DEBUG_INFORMATION_FORMAT = dwarf;
				ENABLE_STRICT_OBJC_MSGSEND = YES;
				ENABLE_TESTABILITY = YES;
				GCC_C_LANGUAGE_STANDARD = gnu11;
				GCC_DYNAMIC_NO_PIC = NO;
				GCC_NO_COMMON_BLOCKS = YES;
				GCC_OPTIMIZATION_LEVEL = 0;
				GCC_PREPROCESSOR_DEFINITIONS = (
					"DEBUG=1",
					"$(inherited)",
				);
				GCC_WARN_64_TO_32_BIT_CONVERSION = YES;
				GCC_WARN_ABOUT_RETURN_TYPE = YES_ERROR;
				GCC_WARN_UNDECLARED_SELECTOR = YES;
				GCC_WARN_UNINITIALIZED_AUTOS = YES_AGGRESSIVE;
				GCC_WARN_UNUSED_FUNCTION = YES;
				GCC_WARN_UNUSED_VARIABLE = YES;
				IPHONEOS_DEPLOYMENT_TARGET = 12.0;
				MTL_ENABLE_DEBUG_INFO = INCLUDE_SOURCE;
				MTL_FAST_MATH = YES;
				ONLY_ACTIVE_ARCH = YES;
				SDKROOT = iphoneos;
				SWIFT_ACTIVE_COMPILATION_CONDITIONS = DEBUG;
				SWIFT_OPTIMIZATION_LEVEL = "-Onone";
			};
			name = Debug;
		};
		11C2DB2B21665B2300B9126C /* Release */ = {
			isa = XCBuildConfiguration;
			buildSettings = {
				ALWAYS_SEARCH_USER_PATHS = NO;
				CLANG_ANALYZER_NONNULL = YES;
				CLANG_ANALYZER_NUMBER_OBJECT_CONVERSION = YES_AGGRESSIVE;
				CLANG_CXX_LANGUAGE_STANDARD = "gnu++14";
				CLANG_CXX_LIBRARY = "libc++";
				CLANG_ENABLE_MODULES = YES;
				CLANG_ENABLE_OBJC_ARC = YES;
				CLANG_ENABLE_OBJC_WEAK = YES;
				CLANG_WARN_BLOCK_CAPTURE_AUTORELEASING = YES;
				CLANG_WARN_BOOL_CONVERSION = YES;
				CLANG_WARN_COMMA = YES;
				CLANG_WARN_CONSTANT_CONVERSION = YES;
				CLANG_WARN_DEPRECATED_OBJC_IMPLEMENTATIONS = YES;
				CLANG_WARN_DIRECT_OBJC_ISA_USAGE = YES_ERROR;
				CLANG_WARN_DOCUMENTATION_COMMENTS = YES;
				CLANG_WARN_EMPTY_BODY = YES;
				CLANG_WARN_ENUM_CONVERSION = YES;
				CLANG_WARN_INFINITE_RECURSION = YES;
				CLANG_WARN_INT_CONVERSION = YES;
				CLANG_WARN_NON_LITERAL_NULL_CONVERSION = YES;
				CLANG_WARN_OBJC_IMPLICIT_RETAIN_SELF = YES;
				CLANG_WARN_OBJC_LITERAL_CONVERSION = YES;
				CLANG_WARN_OBJC_ROOT_CLASS = YES_ERROR;
				CLANG_WARN_RANGE_LOOP_ANALYSIS = YES;
				CLANG_WARN_STRICT_PROTOTYPES = YES;
				CLANG_WARN_SUSPICIOUS_MOVE = YES;
				CLANG_WARN_UNGUARDED_AVAILABILITY = YES_AGGRESSIVE;
				CLANG_WARN_UNREACHABLE_CODE = YES;
				CLANG_WARN__DUPLICATE_METHOD_MATCH = YES;
				CODE_SIGN_IDENTITY = "iPhone Developer";
				COPY_PHASE_STRIP = NO;
				DEBUG_INFORMATION_FORMAT = "dwarf-with-dsym";
				ENABLE_NS_ASSERTIONS = NO;
				ENABLE_STRICT_OBJC_MSGSEND = YES;
				GCC_C_LANGUAGE_STANDARD = gnu11;
				GCC_NO_COMMON_BLOCKS = YES;
				GCC_WARN_64_TO_32_BIT_CONVERSION = YES;
				GCC_WARN_ABOUT_RETURN_TYPE = YES_ERROR;
				GCC_WARN_UNDECLARED_SELECTOR = YES;
				GCC_WARN_UNINITIALIZED_AUTOS = YES_AGGRESSIVE;
				GCC_WARN_UNUSED_FUNCTION = YES;
				GCC_WARN_UNUSED_VARIABLE = YES;
				IPHONEOS_DEPLOYMENT_TARGET = 12.0;
				MTL_ENABLE_DEBUG_INFO = NO;
				MTL_FAST_MATH = YES;
				SDKROOT = iphoneos;
				SWIFT_COMPILATION_MODE = wholemodule;
				SWIFT_OPTIMIZATION_LEVEL = "-O";
				VALIDATE_PRODUCT = YES;
			};
			name = Release;
		};
		11C2DB2D21665B2300B9126C /* Debug */ = {
			isa = XCBuildConfiguration;
			baseConfigurationReference = 182B5C6B02BFF39B62CEDCB5 /* Pods-TwitterApp.debug.xcconfig */;
			buildSettings = {
				ASSETCATALOG_COMPILER_APPICON_NAME = AppIcon;
				CODE_SIGN_STYLE = Automatic;
				INFOPLIST_FILE = TwitterApp/Info.plist;
				LD_RUNPATH_SEARCH_PATHS = (
					"$(inherited)",
					"@executable_path/Frameworks",
				);
				PRODUCT_BUNDLE_IDENTIFIER = com.YudhatrisnaProduction.TwitterApp;
				PRODUCT_NAME = "$(TARGET_NAME)";
				SWIFT_VERSION = 4.2;
				TARGETED_DEVICE_FAMILY = "1,2";
			};
			name = Debug;
		};
		11C2DB2E21665B2300B9126C /* Release */ = {
			isa = XCBuildConfiguration;
			baseConfigurationReference = 03B0E739E1B735F0A222FE0B /* Pods-TwitterApp.release.xcconfig */;
			buildSettings = {
				ASSETCATALOG_COMPILER_APPICON_NAME = AppIcon;
				CODE_SIGN_STYLE = Automatic;
				INFOPLIST_FILE = TwitterApp/Info.plist;
				LD_RUNPATH_SEARCH_PATHS = (
					"$(inherited)",
					"@executable_path/Frameworks",
				);
				PRODUCT_BUNDLE_IDENTIFIER = com.YudhatrisnaProduction.TwitterApp;
				PRODUCT_NAME = "$(TARGET_NAME)";
				SWIFT_VERSION = 4.2;
				TARGETED_DEVICE_FAMILY = "1,2";
			};
			name = Release;
		};
/* End XCBuildConfiguration section */

/* Begin XCConfigurationList section */
		11C2DB1521665B2200B9126C /* Build configuration list for PBXProject "TwitterApp" */ = {
			isa = XCConfigurationList;
			buildConfigurations = (
				11C2DB2A21665B2300B9126C /* Debug */,
				11C2DB2B21665B2300B9126C /* Release */,
			);
			defaultConfigurationIsVisible = 0;
			defaultConfigurationName = Release;
		};
		11C2DB2C21665B2300B9126C /* Build configuration list for PBXNativeTarget "TwitterApp" */ = {
			isa = XCConfigurationList;
			buildConfigurations = (
				11C2DB2D21665B2300B9126C /* Debug */,
				11C2DB2E21665B2300B9126C /* Release */,
			);
			defaultConfigurationIsVisible = 0;
			defaultConfigurationName = Release;
		};
/* End XCConfigurationList section */
	};
	rootObject = 11C2DB1221665B2200B9126C /* Project object */;
}
